
Microsoft Visual Studio Solution File, Format Version 12.00
# Visual Studio Version 16
VisualStudioVersion = 16.0.30907.101
MinimumVisualStudioVersion = 10.0.40219.1
Project("{159641D6-6404-4A2A-AE62-294DE0FE8301}") = "Integration Services Project4", "Integration Services Project4.dtproj", "{C04350FA-CC10-4AFA-98D4-9ADC4DA1AD25}"
EndProject
Global
	GlobalSection(SolutionConfigurationPlatforms) = preSolution
		Development|Default = Development|Default
	EndGlobalSection
	GlobalSection(ProjectConfigurationPlatforms) = postSolution
		{C04350FA-CC10-4AFA-98D4-9ADC4DA1AD25}.Development|Default.ActiveCfg = Development
		{C04350FA-CC10-4AFA-98D4-9ADC4DA1AD25}.Development|Default.Build.0 = Development
	EndGlobalSection
	GlobalSection(SolutionProperties) = preSolution
		HideSolutionNode = FALSE
	EndGlobalSection
	GlobalSection(ExtensibilityGlobals) = postSolution
		SolutionGuid = {A3DCDC9A-958E-49FD-A5FA-6DBAA97143DC}
	EndGlobalSection
EndGlobal
